
Microsoft Visual Studio Solution File, Format Version 12.00
# Visual Studio 15
VisualStudioVersion = 15.0.26730.16
MinimumVisualStudioVersion = 10.0.40219.1
Project("{FAE04EC0-301F-11D3-BF4B-00C04F79EFBC}") = "CS-DataStructures", "CS-DataStructures\CS-DataStructures.csproj", "{A3DF953C-72F3-479F-8219-FD93F9D084B9}"
EndProject
Global
	GlobalSection(SolutionConfigurationPlatforms) = preSolution
		Debug|Any CPU = Debug|Any CPU
		Release|Any CPU = Release|Any CPU
	EndGlobalSection
	GlobalSection(ProjectConfigurationPlatforms) = postSolution
		{A3DF953C-72F3-479F-8219-FD93F9D084B9}.Debug|Any CPU.ActiveCfg = Debug|Any CPU
		{A3DF953C-72F3-479F-8219-FD93F9D084B9}.Debug|Any CPU.Build.0 = Debug|Any CPU
		{A3DF953C-72F3-479F-8219-FD93F9D084B9}.Release|Any CPU.ActiveCfg = Release|Any CPU
		{A3DF953C-72F3-479F-8219-FD93F9D084B9}.Release|Any CPU.Build.0 = Release|Any CPU
	EndGlobalSection
	GlobalSection(SolutionProperties) = preSolution
		HideSolutionNode = FALSE
	EndGlobalSection
	GlobalSection(ExtensibilityGlobals) = postSolution
		SolutionGuid = {41A7C2C1-4672-470F-92A5-9425C146B912}
	EndGlobalSection
EndGlobal
